
Microsoft Visual Studio Solution File, Format Version 12.00
# Visual Studio Version 17
VisualStudioVersion = 17.8.34330.188
MinimumVisualStudioVersion = 10.0.40219.1
Project("{9A19103F-16F7-4668-BE54-9A1E7A4F7556}") = "DataManagement", "task-organizer\DataManagement.csproj", "{2DD2660D-AD82-4FA3-A3CD-A9F489B45997}"
EndProject
Global
	GlobalSection(SolutionConfigurationPlatforms) = preSolution
		Debug|Any CPU = Debug|Any CPU
		Release|Any CPU = Release|Any CPU
	EndGlobalSection
	GlobalSection(ProjectConfigurationPlatforms) = postSolution
		{2DD2660D-AD82-4FA3-A3CD-A9F489B45997}.Debug|Any CPU.ActiveCfg = Debug|Any CPU
		{2DD2660D-AD82-4FA3-A3CD-A9F489B45997}.Debug|Any CPU.Build.0 = Debug|Any CPU
		{2DD2660D-AD82-4FA3-A3CD-A9F489B45997}.Release|Any CPU.ActiveCfg = Release|Any CPU
		{2DD2660D-AD82-4FA3-A3CD-A9F489B45997}.Release|Any CPU.Build.0 = Release|Any CPU
	EndGlobalSection
	GlobalSection(SolutionProperties) = preSolution
		HideSolutionNode = FALSE
	EndGlobalSection
	GlobalSection(ExtensibilityGlobals) = postSolution
		SolutionGuid = {4A3534E1-694C-4B29-AA1F-57EA5BA184E0}
	EndGlobalSection
EndGlobal
